// !$*UTF8*$!
{
	archiveVersion = 1;
	classes = {
	};
	objectVersion = 50;
	objects = {

/* Begin PBXBuildFile section */
		440BEFE0242FABB40078C5F3 /* AppDelegate.swift in Sources */ = {isa = PBXBuildFile; fileRef = 440BEFDF242FABB40078C5F3 /* AppDelegate.swift */; };
		440BEFE2242FABB40078C5F3 /* SceneDelegate.swift in Sources */ = {isa = PBXBuildFile; fileRef = 440BEFE1242FABB40078C5F3 /* SceneDelegate.swift */; };
		440BEFE4242FABB40078C5F3 /* ContentView.swift in Sources */ = {isa = PBXBuildFile; fileRef = 440BEFE3242FABB40078C5F3 /* ContentView.swift */; };
		440BEFE6242FABB50078C5F3 /* Assets.xcassets in Resources */ = {isa = PBXBuildFile; fileRef = 440BEFE5242FABB50078C5F3 /* Assets.xcassets */; };
		440BEFE9242FABB50078C5F3 /* Preview Assets.xcassets in Resources */ = {isa = PBXBuildFile; fileRef = 440BEFE8242FABB50078C5F3 /* Preview Assets.xcassets */; };
		440BEFEC242FABB50078C5F3 /* LaunchScreen.storyboard in Resources */ = {isa = PBXBuildFile; fileRef = 440BEFEA242FABB50078C5F3 /* LaunchScreen.storyboard */; };
		440BEFF7242FABB60078C5F3 /* WorkoutAppTests.swift in Sources */ = {isa = PBXBuildFile; fileRef = 440BEFF6242FABB60078C5F3 /* WorkoutAppTests.swift */; };
		440BF002242FABB60078C5F3 /* WorkoutAppUITests.swift in Sources */ = {isa = PBXBuildFile; fileRef = 440BF001242FABB60078C5F3 /* WorkoutAppUITests.swift */; };
/* End PBXBuildFile section */

/* Begin PBXContainerItemProxy section */
		440BEFF3242FABB60078C5F3 /* PBXContainerItemProxy */ = {
			isa = PBXContainerItemProxy;
			containerPortal = 440BEFD4242FABB40078C5F3 /* Project object */;
			proxyType = 1;
			remoteGlobalIDString = 440BEFDB242FABB40078C5F3;
			remoteInfo = WorkoutApp;
		};
		440BEFFE242FABB60078C5F3 /* PBXContainerItemProxy */ = {
			isa = PBXContainerItemProxy;
			containerPortal = 440BEFD4242FABB40078C5F3 /* Project object */;
			proxyType = 1;
			remoteGlobalIDString = 440BEFDB242FABB40078C5F3;
			remoteInfo = WorkoutApp;
		};
/* End PBXContainerItemProxy section */

/* Begin PBXFileReference section */
		440BEFDC242FABB40078C5F3 /* WorkoutApp.app */ = {isa = PBXFileReference; explicitFileType = wrapper.application; includeInIndex = 0; path = WorkoutApp.app; sourceTree = BUILT_PRODUCTS_DIR; };
		440BEFDF242FABB40078C5F3 /* AppDelegate.swift */ = {isa = PBXFileReference; lastKnownFileType = sourcecode.swift; path = AppDelegate.swift; sourceTree = "<group>"; };
		440BEFE1242FABB40078C5F3 /* SceneDelegate.swift */ = {isa = PBXFileReference; lastKnownFileType = sourcecode.swift; path = SceneDelegate.swift; sourceTree = "<group>"; };
		440BEFE3242FABB40078C5F3 /* ContentView.swift */ = {isa = PBXFileReference; lastKnownFileType = sourcecode.swift; path = ContentView.swift; sourceTree = "<group>"; };
		440BEFE5242FABB50078C5F3 /* Assets.xcassets */ = {isa = PBXFileReference; lastKnownFileType = folder.assetcatalog; path = Assets.xcassets; sourceTree = "<group>"; };
		440BEFE8242FABB50078C5F3 /* Preview Assets.xcassets */ = {isa = PBXFileReference; lastKnownFileType = folder.assetcatalog; path = "Preview Assets.xcassets"; sourceTree = "<group>"; };
		440BEFEB242FABB50078C5F3 /* Base */ = {isa = PBXFileReference; lastKnownFileType = file.storyboard; name = Base; path = Base.lproj/LaunchScreen.storyboard; sourceTree = "<group>"; };
		440BEFED242FABB50078C5F3 /* Info.plist */ = {isa = PBXFileReference; lastKnownFileType = text.plist.xml; path = Info.plist; sourceTree = "<group>"; };
		440BEFF2242FABB60078C5F3 /* WorkoutAppTests.xctest */ = {isa = PBXFileReference; explicitFileType = wrapper.cfbundle; includeInIndex = 0; path = WorkoutAppTests.xctest; sourceTree = BUILT_PRODUCTS_DIR; };
		440BEFF6242FABB60078C5F3 /* WorkoutAppTests.swift */ = {isa = PBXFileReference; lastKnownFileType = sourcecode.swift; path = WorkoutAppTests.swift; sourceTree = "<group>"; };
		440BEFF8242FABB60078C5F3 /* Info.plist */ = {isa = PBXFileReference; lastKnownFileType = text.plist.xml; path = Info.plist; sourceTree = "<group>"; };
		440BEFFD242FABB60078C5F3 /* WorkoutAppUITests.xctest */ = {isa = PBXFileReference; explicitFileType = wrapper.cfbundle; includeInIndex = 0; path = WorkoutAppUITests.xctest; sourceTree = BUILT_PRODUCTS_DIR; };
		440BF001242FABB60078C5F3 /* WorkoutAppUITests.swift */ = {isa = PBXFileReference; lastKnownFileType = sourcecode.swift; path = WorkoutAppUITests.swift; sourceTree = "<group>"; };
		440BF003242FABB60078C5F3 /* Info.plist */ = {isa = PBXFileReference; lastKnownFileType = text.plist.xml; path = Info.plist; sourceTree = "<group>"; };
/* End PBXFileReference section */

/* Begin PBXFrameworksBuildPhase section */
		440BEFD9242FABB40078C5F3 /* Frameworks */ = {
			isa = PBXFrameworksBuildPhase;
			buildActionMask = 2147483647;
			files = (
			);
			runOnlyForDeploymentPostprocessing = 0;
		};
		440BEFEF242FABB60078C5F3 /* Frameworks */ = {
			isa = PBXFrameworksBuildPhase;
			buildActionMask = 2147483647;
			files = (
			);
			runOnlyForDeploymentPostprocessing = 0;
		};
		440BEFFA242FABB60078C5F3 /* Frameworks */ = {
			isa = PBXFrameworksBuildPhase;
			buildActionMask = 2147483647;
			files = (
			);
			runOnlyForDeploymentPostprocessing = 0;
		};
/* End PBXFrameworksBuildPhase section */

/* Begin PBXGroup section */
		440BEFD3242FABB40078C5F3 = {
			isa = PBXGroup;
			children = (
				440BEFDE242FABB40078C5F3 /* WorkoutApp */,
				440BEFF5242FABB60078C5F3 /* WorkoutAppTests */,
				440BF000242FABB60078C5F3 /* WorkoutAppUITests */,
				440BEFDD242FABB40078C5F3 /* Products */,
			);
			sourceTree = "<group>";
		};
		440BEFDD242FABB40078C5F3 /* Products */ = {
			isa = PBXGroup;
			children = (
				440BEFDC242FABB40078C5F3 /* WorkoutApp.app */,
				440BEFF2242FABB60078C5F3 /* WorkoutAppTests.xctest */,
				440BEFFD242FABB60078C5F3 /* WorkoutAppUITests.xctest */,
			);
			name = Products;
			sourceTree = "<group>";
		};
		440BEFDE242FABB40078C5F3 /* WorkoutApp */ = {
			isa = PBXGroup;
			children = (
				440BEFDF242FABB40078C5F3 /* AppDelegate.swift */,
				440BEFE1242FABB40078C5F3 /* SceneDelegate.swift */,
				440BEFE3242FABB40078C5F3 /* ContentView.swift */,
				440BEFE5242FABB50078C5F3 /* Assets.xcassets */,
				440BEFEA242FABB50078C5F3 /* LaunchScreen.storyboard */,
				440BEFED242FABB50078C5F3 /* Info.plist */,
				440BEFE7242FABB50078C5F3 /* Preview Content */,
			);
			path = WorkoutApp;
			sourceTree = "<group>";
		};
		440BEFE7242FABB50078C5F3 /* Preview Content */ = {
			isa = PBXGroup;
			children = (
				440BEFE8242FABB50078C5F3 /* Preview Assets.xcassets */,
			);
			path = "Preview Content";
			sourceTree = "<group>";
		};
		440BEFF5242FABB60078C5F3 /* WorkoutAppTests */ = {
			isa = PBXGroup;
			children = (
				440BEFF6242FABB60078C5F3 /* WorkoutAppTests.swift */,
				440BEFF8242FABB60078C5F3 /* Info.plist */,
			);
			path = WorkoutAppTests;
			sourceTree = "<group>";
		};
		440BF000242FABB60078C5F3 /* WorkoutAppUITests */ = {
			isa = PBXGroup;
			children = (
				440BF001242FABB60078C5F3 /* WorkoutAppUITests.swift */,
				440BF003242FABB60078C5F3 /* Info.plist */,
			);
			path = WorkoutAppUITests;
			sourceTree = "<group>";
		};
/* End PBXGroup section */

/* Begin PBXNativeTarget section */
		440BEFDB242FABB40078C5F3 /* WorkoutApp */ = {
			isa = PBXNativeTarget;
			buildConfigurationList = 440BF006242FABB60078C5F3 /* Build configuration list for PBXNativeTarget "WorkoutApp" */;
			buildPhases = (
				440BEFD8242FABB40078C5F3 /* Sources */,
				440BEFD9242FABB40078C5F3 /* Frameworks */,
				440BEFDA242FABB40078C5F3 /* Resources */,
			);
			buildRules = (
			);
			dependencies = (
			);
			name = WorkoutApp;
			productName = WorkoutApp;
			productReference = 440BEFDC242FABB40078C5F3 /* WorkoutApp.app */;
			productType = "com.apple.product-type.application";
		};
		440BEFF1242FABB60078C5F3 /* WorkoutAppTests */ = {
			isa = PBXNativeTarget;
			buildConfigurationList = 440BF009242FABB60078C5F3 /* Build configuration list for PBXNativeTarget "WorkoutAppTests" */;
			buildPhases = (
				440BEFEE242FABB60078C5F3 /* Sources */,
				440BEFEF242FABB60078C5F3 /* Frameworks */,
				440BEFF0242FABB60078C5F3 /* Resources */,
			);
			buildRules = (
			);
			dependencies = (
				440BEFF4242FABB60078C5F3 /* PBXTargetDependency */,
			);
			name = WorkoutAppTests;
			productName = WorkoutAppTests;
			productReference = 440BEFF2242FABB60078C5F3 /* WorkoutAppTests.xctest */;
			productType = "com.apple.product-type.bundle.unit-test";
		};
		440BEFFC242FABB60078C5F3 /* WorkoutAppUITests */ = {
			isa = PBXNativeTarget;
			buildConfigurationList = 440BF00C242FABB60078C5F3 /* Build configuration list for PBXNativeTarget "WorkoutAppUITests" */;
			buildPhases = (
				440BEFF9242FABB60078C5F3 /* Sources */,
				440BEFFA242FABB60078C5F3 /* Frameworks */,
				440BEFFB242FABB60078C5F3 /* Resources */,
			);
			buildRules = (
			);
			dependencies = (
				440BEFFF242FABB60078C5F3 /* PBXTargetDependency */,
			);
			name = WorkoutAppUITests;
			productName = WorkoutAppUITests;
			productReference = 440BEFFD242FABB60078C5F3 /* WorkoutAppUITests.xctest */;
			productType = "com.apple.product-type.bundle.ui-testing";
		};
/* End PBXNativeTarget section */

/* Begin PBXProject section */
		440BEFD4242FABB40078C5F3 /* Project object */ = {
			isa = PBXProject;
			attributes = {
				LastSwiftUpdateCheck = 1130;
				LastUpgradeCheck = 1130;
				ORGANIZATIONNAME = "Wei Wang";
				TargetAttributes = {
					440BEFDB242FABB40078C5F3 = {
						CreatedOnToolsVersion = 11.3.1;
					};
					440BEFF1242FABB60078C5F3 = {
						CreatedOnToolsVersion = 11.3.1;
						TestTargetID = 440BEFDB242FABB40078C5F3;
					};
					440BEFFC242FABB60078C5F3 = {
						CreatedOnToolsVersion = 11.3.1;
						TestTargetID = 440BEFDB242FABB40078C5F3;
					};
				};
			};
			buildConfigurationList = 440BEFD7242FABB40078C5F3 /* Build configuration list for PBXProject "WorkoutApp" */;
			compatibilityVersion = "Xcode 9.3";
			developmentRegion = en;
			hasScannedForEncodings = 0;
			knownRegions = (
				en,
				Base,
			);
			mainGroup = 440BEFD3242FABB40078C5F3;
			productRefGroup = 440BEFDD242FABB40078C5F3 /* Products */;
			projectDirPath = "";
			projectRoot = "";
			targets = (
				440BEFDB242FABB40078C5F3 /* WorkoutApp */,
				440BEFF1242FABB60078C5F3 /* WorkoutAppTests */,
				440BEFFC242FABB60078C5F3 /* WorkoutAppUITests */,
			);
		};
/* End PBXProject section */

/* Begin PBXResourcesBuildPhase section */
		440BEFDA242FABB40078C5F3 /* Resources */ = {
			isa = PBXResourcesBuildPhase;
			buildActionMask = 2147483647;
			files = (
				440BEFEC242FABB50078C5F3 /* LaunchScreen.storyboard in Resources */,
				440BEFE9242FABB50078C5F3 /* Preview Assets.xcassets in Resources */,
				440BEFE6242FABB50078C5F3 /* Assets.xcassets in Resources */,
			);
			runOnlyForDeploymentPostprocessing = 0;
		};
		440BEFF0242FABB60078C5F3 /* Resources */ = {
			isa = PBXResourcesBuildPhase;
			buildActionMask = 2147483647;
			files = (
			);
			runOnlyForDeploymentPostprocessing = 0;
		};
		440BEFFB242FABB60078C5F3 /* Resources */ = {
			isa = PBXResourcesBuildPhase;
			buildActionMask = 2147483647;
			files = (
			);
			runOnlyForDeploymentPostprocessing = 0;
		};
/* End PBXResourcesBuildPhase section */

/* Begin PBXSourcesBuildPhase section */
		440BEFD8242FABB40078C5F3 /* Sources */ = {
			isa = PBXSourcesBuildPhase;
			buildActionMask = 2147483647;
			files = (
				440BEFE0242FABB40078C5F3 /* AppDelegate.swift in Sources */,
				440BEFE2242FABB40078C5F3 /* SceneDelegate.swift in Sources */,
				440BEFE4242FABB40078C5F3 /* ContentView.swift in Sources */,
			);
			runOnlyForDeploymentPostprocessing = 0;
		};
		440BEFEE242FABB60078C5F3 /* Sources */ = {
			isa = PBXSourcesBuildPhase;
			buildActionMask = 2147483647;
			files = (
				440BEFF7242FABB60078C5F3 /* WorkoutAppTests.swift in Sources */,
			);
			runOnlyForDeploymentPostprocessing = 0;
		};
		440BEFF9242FABB60078C5F3 /* Sources */ = {
			isa = PBXSourcesBuildPhase;
			buildActionMask = 2147483647;
			files = (
				440BF002242FABB60078C5F3 /* WorkoutAppUITests.swift in Sources */,
			);
			runOnlyForDeploymentPostprocessing = 0;
		};
/* End PBXSourcesBuildPhase section */

/* Begin PBXTargetDependency section */
		440BEFF4242FABB60078C5F3 /* PBXTargetDependency */ = {
			isa = PBXTargetDependency;
			target = 440BEFDB242FABB40078C5F3 /* WorkoutApp */;
			targetProxy = 440BEFF3242FABB60078C5F3 /* PBXContainerItemProxy */;
		};
		440BEFFF242FABB60078C5F3 /* PBXTargetDependency */ = {
			isa = PBXTargetDependency;
			target = 440BEFDB242FABB40078C5F3 /* WorkoutApp */;
			targetProxy = 440BEFFE242FABB60078C5F3 /* PBXContainerItemProxy */;
		};
/* End PBXTargetDependency section */

/* Begin PBXVariantGroup section */
		440BEFEA242FABB50078C5F3 /* LaunchScreen.storyboard */ = {
			isa = PBXVariantGroup;
			children = (
				440BEFEB242FABB50078C5F3 /* Base */,
			);
			name = LaunchScreen.storyboard;
			sourceTree = "<group>";
		};
/* End PBXVariantGroup section */

/* Begin XCBuildConfiguration section */
		440BF004242FABB60078C5F3 /* Debug */ = {
			isa = XCBuildConfiguration;
			buildSettings = {
				ALWAYS_SEARCH_USER_PATHS = NO;
				CLANG_ANALYZER_NONNULL = YES;
				CLANG_ANALYZER_NUMBER_OBJECT_CONVERSION = YES_AGGRESSIVE;
				CLANG_CXX_LANGUAGE_STANDARD = "gnu++14";
				CLANG_CXX_LIBRARY = "libc++";
				CLANG_ENABLE_MODULES = YES;
				CLANG_ENABLE_OBJC_ARC = YES;
				CLANG_ENABLE_OBJC_WEAK = YES;
				CLANG_WARN_BLOCK_CAPTURE_AUTORELEASING = YES;
				CLANG_WARN_BOOL_CONVERSION = YES;
				CLANG_WARN_COMMA = YES;
				CLANG_WARN_CONSTANT_CONVERSION = YES;
				CLANG_WARN_DEPRECATED_OBJC_IMPLEMENTATIONS = YES;
				CLANG_WARN_DIRECT_OBJC_ISA_USAGE = YES_ERROR;
				CLANG_WARN_DOCUMENTATION_COMMENTS = YES;
				CLANG_WARN_EMPTY_BODY = YES;
				CLANG_WARN_ENUM_CONVERSION = YES;
				CLANG_WARN_INFINITE_RECURSION = YES;
				CLANG_WARN_INT_CONVERSION = YES;
				CLANG_WARN_NON_LITERAL_NULL_CONVERSION = YES;
				CLANG_WARN_OBJC_IMPLICIT_RETAIN_SELF = YES;
				CLANG_WARN_OBJC_LITERAL_CONVERSION = YES;
				CLANG_WARN_OBJC_ROOT_CLASS = YES_ERROR;
				CLANG_WARN_RANGE_LOOP_ANALYSIS = YES;
				CLANG_WARN_STRICT_PROTOTYPES = YES;
				CLANG_WARN_SUSPICIOUS_MOVE = YES;
				CLANG_WARN_UNGUARDED_AVAILABILITY = YES_AGGRESSIVE;
				CLANG_WARN_UNREACHABLE_CODE = YES;
				CLANG_WARN__DUPLICATE_METHOD_MATCH = YES;
				COPY_PHASE_STRIP = NO;
				DEBUG_INFORMATION_FORMAT = dwarf;
				ENABLE_STRICT_OBJC_MSGSEND = YES;
				ENABLE_TESTABILITY = YES;
				GCC_C_LANGUAGE_STANDARD = gnu11;
				GCC_DYNAMIC_NO_PIC = NO;
				GCC_NO_COMMON_BLOCKS = YES;
				GCC_OPTIMIZATION_LEVEL = 0;
				GCC_PREPROCESSOR_DEFINITIONS = (
					"DEBUG=1",
					"$(inherited)",
				);
				GCC_WARN_64_TO_32_BIT_CONVERSION = YES;
				GCC_WARN_ABOUT_RETURN_TYPE = YES_ERROR;
				GCC_WARN_UNDECLARED_SELECTOR = YES;
				GCC_WARN_UNINITIALIZED_AUTOS = YES_AGGRESSIVE;
				GCC_WARN_UNUSED_FUNCTION = YES;
				GCC_WARN_UNUSED_VARIABLE = YES;
				IPHONEOS_DEPLOYMENT_TARGET = 13.2;
				MTL_ENABLE_DEBUG_INFO = INCLUDE_SOURCE;
				MTL_FAST_MATH = YES;
				ONLY_ACTIVE_ARCH = YES;
				SDKROOT = iphoneos;
				SWIFT_ACTIVE_COMPILATION_CONDITIONS = DEBUG;
				SWIFT_OPTIMIZATION_LEVEL = "-Onone";
			};
			name = Debug;
		};
		440BF005242FABB60078C5F3 /* Release */ = {
			isa = XCBuildConfiguration;
			buildSettings = {
				ALWAYS_SEARCH_USER_PATHS = NO;
				CLANG_ANALYZER_NONNULL = YES;
				CLANG_ANALYZER_NUMBER_OBJECT_CONVERSION = YES_AGGRESSIVE;
				CLANG_CXX_LANGUAGE_STANDARD = "gnu++14";
				CLANG_CXX_LIBRARY = "libc++";
				CLANG_ENABLE_MODULES = YES;
				CLANG_ENABLE_OBJC_ARC = YES;
				CLANG_ENABLE_OBJC_WEAK = YES;
				CLANG_WARN_BLOCK_CAPTURE_AUTORELEASING = YES;
				CLANG_WARN_BOOL_CONVERSION = YES;
				CLANG_WARN_COMMA = YES;
				CLANG_WARN_CONSTANT_CONVERSION = YES;
				CLANG_WARN_DEPRECATED_OBJC_IMPLEMENTATIONS = YES;
				CLANG_WARN_DIRECT_OBJC_ISA_USAGE = YES_ERROR;
				CLANG_WARN_DOCUMENTATION_COMMENTS = YES;
				CLANG_WARN_EMPTY_BODY = YES;
				CLANG_WARN_ENUM_CONVERSION = YES;
				CLANG_WARN_INFINITE_RECURSION = YES;
				CLANG_WARN_INT_CONVERSION = YES;
				CLANG_WARN_NON_LITERAL_NULL_CONVERSION = YES;
				CLANG_WARN_OBJC_IMPLICIT_RETAIN_SELF = YES;
				CLANG_WARN_OBJC_LITERAL_CONVERSION = YES;
				CLANG_WARN_OBJC_ROOT_CLASS = YES_ERROR;
				CLANG_WARN_RANGE_LOOP_ANALYSIS = YES;
				CLANG_WARN_STRICT_PROTOTYPES = YES;
				CLANG_WARN_SUSPICIOUS_MOVE = YES;
				CLANG_WARN_UNGUARDED_AVAILABILITY = YES_AGGRESSIVE;
				CLANG_WARN_UNREACHABLE_CODE = YES;
				CLANG_WARN__DUPLICATE_METHOD_MATCH = YES;
				COPY_PHASE_STRIP = NO;
				DEBUG_INFORMATION_FORMAT = "dwarf-with-dsym";
				ENABLE_NS_ASSERTIONS = NO;
				ENABLE_STRICT_OBJC_MSGSEND = YES;
				GCC_C_LANGUAGE_STANDARD = gnu11;
				GCC_NO_COMMON_BLOCKS = YES;
				GCC_WARN_64_TO_32_BIT_CONVERSION = YES;
				GCC_WARN_ABOUT_RETURN_TYPE = YES_ERROR;
				GCC_WARN_UNDECLARED_SELECTOR = YES;
				GCC_WARN_UNINITIALIZED_AUTOS = YES_AGGRESSIVE;
				GCC_WARN_UNUSED_FUNCTION = YES;
				GCC_WARN_UNUSED_VARIABLE = YES;
				IPHONEOS_DEPLOYMENT_TARGET = 13.2;
				MTL_ENABLE_DEBUG_INFO = NO;
				MTL_FAST_MATH = YES;
				SDKROOT = iphoneos;
				SWIFT_COMPILATION_MODE = wholemodule;
				SWIFT_OPTIMIZATION_LEVEL = "-O";
				VALIDATE_PRODUCT = YES;
			};
			name = Release;
		};
		440BF007242FABB60078C5F3 /* Debug */ = {
			isa = XCBuildConfiguration;
			buildSettings = {
				ASSETCATALOG_COMPILER_APPICON_NAME = AppIcon;
				CODE_SIGN_STYLE = Automatic;
				DEVELOPMENT_ASSET_PATHS = "\"WorkoutApp/Preview Content\"";
				ENABLE_PREVIEWS = YES;
				INFOPLIST_FILE = WorkoutApp/Info.plist;
				LD_RUNPATH_SEARCH_PATHS = (
					"$(inherited)",
					"@executable_path/Frameworks",
				);
				PRODUCT_BUNDLE_IDENTIFIER = HooHack.WorkoutApp;
				PRODUCT_NAME = "$(TARGET_NAME)";
				SWIFT_VERSION = 5.0;
				TARGETED_DEVICE_FAMILY = "1,2";
			};
			name = Debug;
		};
		440BF008242FABB60078C5F3 /* Release */ = {
			isa = XCBuildConfiguration;
			buildSettings = {
				ASSETCATALOG_COMPILER_APPICON_NAME = AppIcon;
				CODE_SIGN_STYLE = Automatic;
				DEVELOPMENT_ASSET_PATHS = "\"WorkoutApp/Preview Content\"";
				ENABLE_PREVIEWS = YES;
				INFOPLIST_FILE = WorkoutApp/Info.plist;
				LD_RUNPATH_SEARCH_PATHS = (
					"$(inherited)",
					"@executable_path/Frameworks",
				);
				PRODUCT_BUNDLE_IDENTIFIER = HooHack.WorkoutApp;
				PRODUCT_NAME = "$(TARGET_NAME)";
				SWIFT_VERSION = 5.0;
				TARGETED_DEVICE_FAMILY = "1,2";
			};
			name = Release;
		};
		440BF00A242FABB60078C5F3 /* Debug */ = {
			isa = XCBuildConfiguration;
			buildSettings = {
				ALWAYS_EMBED_SWIFT_STANDARD_LIBRARIES = YES;
				BUNDLE_LOADER = "$(TEST_HOST)";
				CODE_SIGN_STYLE = Automatic;
				INFOPLIST_FILE = WorkoutAppTests/Info.plist;
				IPHONEOS_DEPLOYMENT_TARGET = 13.2;
				LD_RUNPATH_SEARCH_PATHS = (
					"$(inherited)",
					"@executable_path/Frameworks",
					"@loader_path/Frameworks",
				);
				PRODUCT_BUNDLE_IDENTIFIER = HooHack.WorkoutAppTests;
				PRODUCT_NAME = "$(TARGET_NAME)";
				SWIFT_VERSION = 5.0;
				TARGETED_DEVICE_FAMILY = "1,2";
				TEST_HOST = "$(BUILT_PRODUCTS_DIR)/WorkoutApp.app/WorkoutApp";
			};
			name = Debug;
		};
		440BF00B242FABB60078C5F3 /* Release */ = {
			isa = XCBuildConfiguration;
			buildSettings = {
				ALWAYS_EMBED_SWIFT_STANDARD_LIBRARIES = YES;
				BUNDLE_LOADER = "$(TEST_HOST)";
				CODE_SIGN_STYLE = Automatic;
				INFOPLIST_FILE = WorkoutAppTests/Info.plist;
				IPHONEOS_DEPLOYMENT_TARGET = 13.2;
				LD_RUNPATH_SEARCH_PATHS = (
					"$(inherited)",
					"@executable_path/Frameworks",
					"@loader_path/Frameworks",
				);
				PRODUCT_BUNDLE_IDENTIFIER = HooHack.WorkoutAppTests;
				PRODUCT_NAME = "$(TARGET_NAME)";
				SWIFT_VERSION = 5.0;
				TARGETED_DEVICE_FAMILY = "1,2";
				TEST_HOST = "$(BUILT_PRODUCTS_DIR)/WorkoutApp.app/WorkoutApp";
			};
			name = Release;
		};
		440BF00D242FABB60078C5F3 /* Debug */ = {
			isa = XCBuildConfiguration;
			buildSettings = {
				ALWAYS_EMBED_SWIFT_STANDARD_LIBRARIES = YES;
				CODE_SIGN_STYLE = Automatic;
				INFOPLIST_FILE = WorkoutAppUITests/Info.plist;
				LD_RUNPATH_SEARCH_PATHS = (
					"$(inherited)",
					"@executable_path/Frameworks",
					"@loader_path/Frameworks",
				);
				PRODUCT_BUNDLE_IDENTIFIER = HooHack.WorkoutAppUITests;
				PRODUCT_NAME = "$(TARGET_NAME)";
				SWIFT_VERSION = 5.0;
				TARGETED_DEVICE_FAMILY = "1,2";
				TEST_TARGET_NAME = WorkoutApp;
			};
			name = Debug;
		};
		440BF00E242FABB60078C5F3 /* Release */ = {
			isa = XCBuildConfiguration;
			buildSettings = {
				ALWAYS_EMBED_SWIFT_STANDARD_LIBRARIES = YES;
				CODE_SIGN_STYLE = Automatic;
				INFOPLIST_FILE = WorkoutAppUITests/Info.plist;
				LD_RUNPATH_SEARCH_PATHS = (
					"$(inherited)",
					"@executable_path/Frameworks",
					"@loader_path/Frameworks",
				);
				PRODUCT_BUNDLE_IDENTIFIER = HooHack.WorkoutAppUITests;
				PRODUCT_NAME = "$(TARGET_NAME)";
				SWIFT_VERSION = 5.0;
				TARGETED_DEVICE_FAMILY = "1,2";
				TEST_TARGET_NAME = WorkoutApp;
			};
			name = Release;
		};
/* End XCBuildConfiguration section */

/* Begin XCConfigurationList section */
		440BEFD7242FABB40078C5F3 /* Build configuration list for PBXProject "WorkoutApp" */ = {
			isa = XCConfigurationList;
			buildConfigurations = (
				440BF004242FABB60078C5F3 /* Debug */,
				440BF005242FABB60078C5F3 /* Release */,
			);
			defaultConfigurationIsVisible = 0;
			defaultConfigurationName = Release;
		};
		440BF006242FABB60078C5F3 /* Build configuration list for PBXNativeTarget "WorkoutApp" */ = {
			isa = XCConfigurationList;
			buildConfigurations = (
				440BF007242FABB60078C5F3 /* Debug */,
				440BF008242FABB60078C5F3 /* Release */,
			);
			defaultConfigurationIsVisible = 0;
			defaultConfigurationName = Release;
		};
		440BF009242FABB60078C5F3 /* Build configuration list for PBXNativeTarget "WorkoutAppTests" */ = {
			isa = XCConfigurationList;
			buildConfigurations = (
				440BF00A242FABB60078C5F3 /* Debug */,
				440BF00B242FABB60078C5F3 /* Release */,
			);
			defaultConfigurationIsVisible = 0;
			defaultConfigurationName = Release;
		};
		440BF00C242FABB60078C5F3 /* Build configuration list for PBXNativeTarget "WorkoutAppUITests" */ = {
			isa = XCConfigurationList;
			buildConfigurations = (
				440BF00D242FABB60078C5F3 /* Debug */,
				440BF00E242FABB60078C5F3 /* Release */,
			);
			defaultConfigurationIsVisible = 0;
			defaultConfigurationName = Release;
		};
/* End XCConfigurationList section */
	};
	rootObject = 440BEFD4242FABB40078C5F3 /* Project object */;
}
